
Microsoft Visual Studio Solution File, Format Version 12.00
# Visual Studio Version 17
VisualStudioVersion = 17.10.35013.160
MinimumVisualStudioVersion = 10.0.40219.1
Project("{9A19103F-16F7-4668-BE54-9A1E7A4F7556}") = "SmartParking", "SmartParking\SmartParking.csproj", "{B728C7E0-1DF2-4192-87B1-9F4767E5090C}"
EndProject
Project("{9A19103F-16F7-4668-BE54-9A1E7A4F7556}") = "SmartParkingTest", "SmartParkingTest\SmartParkingTest.csproj", "{FA8AF7AC-A0E3-46B7-9882-3ADA0A785D37}"
EndProject
Project("{9A19103F-16F7-4668-BE54-9A1E7A4F7556}") = "SmartParking.Core", "SmartParking.Core\SmartParking.Core.csproj", "{663B03BF-289A-4C0D-AF30-55E9DEA86002}"
EndProject
Project("{9A19103F-16F7-4668-BE54-9A1E7A4F7556}") = "SmartParking.Data", "SmartParking.Data\SmartParking.Data.csproj", "{B0EA3DCE-BA60-4264-91E2-82737681358C}"
EndProject
Project("{9A19103F-16F7-4668-BE54-9A1E7A4F7556}") = "SmartParking.Service", "SmartParking.Service\SmartParking.Service.csproj", "{E4883D73-EF23-4C2A-966B-F747B3358537}"
EndProject
Global
	GlobalSection(SolutionConfigurationPlatforms) = preSolution
		Debug|Any CPU = Debug|Any CPU
		Release|Any CPU = Release|Any CPU
	EndGlobalSection
	GlobalSection(ProjectConfigurationPlatforms) = postSolution
		{B728C7E0-1DF2-4192-87B1-9F4767E5090C}.Debug|Any CPU.ActiveCfg = Debug|Any CPU
		{B728C7E0-1DF2-4192-87B1-9F4767E5090C}.Debug|Any CPU.Build.0 = Debug|Any CPU
		{B728C7E0-1DF2-4192-87B1-9F4767E5090C}.Release|Any CPU.ActiveCfg = Release|Any CPU
		{B728C7E0-1DF2-4192-87B1-9F4767E5090C}.Release|Any CPU.Build.0 = Release|Any CPU
		{FA8AF7AC-A0E3-46B7-9882-3ADA0A785D37}.Debug|Any CPU.ActiveCfg = Debug|Any CPU
		{FA8AF7AC-A0E3-46B7-9882-3ADA0A785D37}.Debug|Any CPU.Build.0 = Debug|Any CPU
		{FA8AF7AC-A0E3-46B7-9882-3ADA0A785D37}.Release|Any CPU.ActiveCfg = Release|Any CPU
		{FA8AF7AC-A0E3-46B7-9882-3ADA0A785D37}.Release|Any CPU.Build.0 = Release|Any CPU
		{663B03BF-289A-4C0D-AF30-55E9DEA86002}.Debug|Any CPU.ActiveCfg = Debug|Any CPU
		{663B03BF-289A-4C0D-AF30-55E9DEA86002}.Debug|Any CPU.Build.0 = Debug|Any CPU
		{663B03BF-289A-4C0D-AF30-55E9DEA86002}.Release|Any CPU.ActiveCfg = Release|Any CPU
		{663B03BF-289A-4C0D-AF30-55E9DEA86002}.Release|Any CPU.Build.0 = Release|Any CPU
		{B0EA3DCE-BA60-4264-91E2-82737681358C}.Debug|Any CPU.ActiveCfg = Debug|Any CPU
		{B0EA3DCE-BA60-4264-91E2-82737681358C}.Debug|Any CPU.Build.0 = Debug|Any CPU
		{B0EA3DCE-BA60-4264-91E2-82737681358C}.Release|Any CPU.ActiveCfg = Release|Any CPU
		{B0EA3DCE-BA60-4264-91E2-82737681358C}.Release|Any CPU.Build.0 = Release|Any CPU
		{E4883D73-EF23-4C2A-966B-F747B3358537}.Debug|Any CPU.ActiveCfg = Debug|Any CPU
		{E4883D73-EF23-4C2A-966B-F747B3358537}.Debug|Any CPU.Build.0 = Debug|Any CPU
		{E4883D73-EF23-4C2A-966B-F747B3358537}.Release|Any CPU.ActiveCfg = Release|Any CPU
		{E4883D73-EF23-4C2A-966B-F747B3358537}.Release|Any CPU.Build.0 = Release|Any CPU
	EndGlobalSection
	GlobalSection(SolutionProperties) = preSolution
		HideSolutionNode = FALSE
	EndGlobalSection
	GlobalSection(ExtensibilityGlobals) = postSolution
		SolutionGuid = {67BBCBEA-EF46-4211-955F-E4EC4B78D999}
	EndGlobalSection
EndGlobal
